
Microsoft Visual Studio Solution File, Format Version 12.00
# Visual Studio Version 16
VisualStudioVersion = 16.0.30804.86
MinimumVisualStudioVersion = 10.0.40219.1
Project("{FAE04EC0-301F-11D3-BF4B-00C04F79EFBC}") = "CS-70_PeteyPepperoniChallenge", "CS-70_PeteyPepperoniChallenge\CS-70_PeteyPepperoniChallenge.csproj", "{D9047092-CD62-4BE1-9410-6556B153129E}"
EndProject
Project("{FAE04EC0-301F-11D3-BF4B-00C04F79EFBC}") = "PeteyPepperoni.DTO", "PeteyPepperoni.DTO\PeteyPepperoni.DTO.csproj", "{4357BFCF-0E47-4B46-A9A7-03A4150627E5}"
EndProject
Project("{FAE04EC0-301F-11D3-BF4B-00C04F79EFBC}") = "PeteyPepperoni.Persistence", "PeteyPepperoni.Persistence\PeteyPepperoni.Persistence.csproj", "{366AF148-5D3C-490D-BC65-12D42BFBFF0C}"
EndProject
Project("{FAE04EC0-301F-11D3-BF4B-00C04F79EFBC}") = "PeteyPepperoni.Domain", "PeteyPepperoni.Domain\PeteyPepperoni.Domain.csproj", "{F4EA2355-7007-4E31-847A-35B570FF26FA}"
EndProject
Global
	GlobalSection(SolutionConfigurationPlatforms) = preSolution
		Debug|Any CPU = Debug|Any CPU
		Release|Any CPU = Release|Any CPU
	EndGlobalSection
	GlobalSection(ProjectConfigurationPlatforms) = postSolution
		{D9047092-CD62-4BE1-9410-6556B153129E}.Debug|Any CPU.ActiveCfg = Debug|Any CPU
		{D9047092-CD62-4BE1-9410-6556B153129E}.Debug|Any CPU.Build.0 = Debug|Any CPU
		{D9047092-CD62-4BE1-9410-6556B153129E}.Release|Any CPU.ActiveCfg = Release|Any CPU
		{D9047092-CD62-4BE1-9410-6556B153129E}.Release|Any CPU.Build.0 = Release|Any CPU
		{4357BFCF-0E47-4B46-A9A7-03A4150627E5}.Debug|Any CPU.ActiveCfg = Debug|Any CPU
		{4357BFCF-0E47-4B46-A9A7-03A4150627E5}.Debug|Any CPU.Build.0 = Debug|Any CPU
		{4357BFCF-0E47-4B46-A9A7-03A4150627E5}.Release|Any CPU.ActiveCfg = Release|Any CPU
		{4357BFCF-0E47-4B46-A9A7-03A4150627E5}.Release|Any CPU.Build.0 = Release|Any CPU
		{366AF148-5D3C-490D-BC65-12D42BFBFF0C}.Debug|Any CPU.ActiveCfg = Debug|Any CPU
		{366AF148-5D3C-490D-BC65-12D42BFBFF0C}.Debug|Any CPU.Build.0 = Debug|Any CPU
		{366AF148-5D3C-490D-BC65-12D42BFBFF0C}.Release|Any CPU.ActiveCfg = Release|Any CPU
		{366AF148-5D3C-490D-BC65-12D42BFBFF0C}.Release|Any CPU.Build.0 = Release|Any CPU
		{F4EA2355-7007-4E31-847A-35B570FF26FA}.Debug|Any CPU.ActiveCfg = Debug|Any CPU
		{F4EA2355-7007-4E31-847A-35B570FF26FA}.Debug|Any CPU.Build.0 = Debug|Any CPU
		{F4EA2355-7007-4E31-847A-35B570FF26FA}.Release|Any CPU.ActiveCfg = Release|Any CPU
		{F4EA2355-7007-4E31-847A-35B570FF26FA}.Release|Any CPU.Build.0 = Release|Any CPU
	EndGlobalSection
	GlobalSection(SolutionProperties) = preSolution
		HideSolutionNode = FALSE
	EndGlobalSection
	GlobalSection(ExtensibilityGlobals) = postSolution
		SolutionGuid = {EC74EE9D-741F-45E9-A62D-AE2CBD2E79F0}
	EndGlobalSection
EndGlobal
